
Microsoft Visual Studio Solution File, Format Version 12.00
# Visual Studio Version 17
VisualStudioVersion = 17.9.34310.174
MinimumVisualStudioVersion = 10.0.40219.1
Project("{FAE04EC0-301F-11D3-BF4B-00C04F79EFBC}") = "FindRomCover", "FindRomCover\FindRomCover.csproj", "{89C1F955-78D0-4BAD-B703-3C3ED7CF650D}"
EndProject
Global
	GlobalSection(SolutionConfigurationPlatforms) = preSolution
		Debug|Any CPU = Debug|Any CPU
		Release|Any CPU = Release|Any CPU
	EndGlobalSection
	GlobalSection(ProjectConfigurationPlatforms) = postSolution
		{89C1F955-78D0-4BAD-B703-3C3ED7CF650D}.Debug|Any CPU.ActiveCfg = Debug|Any CPU
		{89C1F955-78D0-4BAD-B703-3C3ED7CF650D}.Debug|Any CPU.Build.0 = Debug|Any CPU
		{89C1F955-78D0-4BAD-B703-3C3ED7CF650D}.Release|Any CPU.ActiveCfg = Release|Any CPU
		{89C1F955-78D0-4BAD-B703-3C3ED7CF650D}.Release|Any CPU.Build.0 = Release|Any CPU
	EndGlobalSection
	GlobalSection(SolutionProperties) = preSolution
		HideSolutionNode = FALSE
	EndGlobalSection
	GlobalSection(ExtensibilityGlobals) = postSolution
		SolutionGuid = {952B802C-ACF5-4348-9747-7C209AD0414B}
	EndGlobalSection
EndGlobal
